
Microsoft Visual Studio Solution File, Format Version 12.00
# Visual Studio Version 17
VisualStudioVersion = 17.11.35303.130
MinimumVisualStudioVersion = 10.0.40219.1
Project("{9A19103F-16F7-4668-BE54-9A1E7A4F7556}") = "ALGA", "ALGA\ALGA.csproj", "{22986A58-037E-4147-9529-4BF4D833AA97}"
EndProject
Project("{FAE04EC0-301F-11D3-BF4B-00C04F79EFBC}") = "Test", "Test_03\Test.csproj", "{C2273409-996D-4463-8424-1F4043AAAE7A}"
EndProject
Global
	GlobalSection(SolutionConfigurationPlatforms) = preSolution
		Debug|Any CPU = Debug|Any CPU
		Release|Any CPU = Release|Any CPU
	EndGlobalSection
	GlobalSection(ProjectConfigurationPlatforms) = postSolution
		{22986A58-037E-4147-9529-4BF4D833AA97}.Debug|Any CPU.ActiveCfg = Debug|Any CPU
		{22986A58-037E-4147-9529-4BF4D833AA97}.Debug|Any CPU.Build.0 = Debug|Any CPU
		{22986A58-037E-4147-9529-4BF4D833AA97}.Release|Any CPU.ActiveCfg = Release|Any CPU
		{22986A58-037E-4147-9529-4BF4D833AA97}.Release|Any CPU.Build.0 = Release|Any CPU
		{C2273409-996D-4463-8424-1F4043AAAE7A}.Debug|Any CPU.ActiveCfg = Debug|Any CPU
		{C2273409-996D-4463-8424-1F4043AAAE7A}.Debug|Any CPU.Build.0 = Debug|Any CPU
		{C2273409-996D-4463-8424-1F4043AAAE7A}.Release|Any CPU.ActiveCfg = Release|Any CPU
		{C2273409-996D-4463-8424-1F4043AAAE7A}.Release|Any CPU.Build.0 = Release|Any CPU
	EndGlobalSection
	GlobalSection(SolutionProperties) = preSolution
		HideSolutionNode = FALSE
	EndGlobalSection
	GlobalSection(ExtensibilityGlobals) = postSolution
		SolutionGuid = {7D4525AE-F508-49AD-9E78-85F71CBA3780}
	EndGlobalSection
EndGlobal
